
Microsoft Visual Studio Solution File, Format Version 12.00
# Visual Studio Version 17
VisualStudioVersion = 17.4.33213.308
MinimumVisualStudioVersion = 10.0.40219.1
Project("{FAE04EC0-301F-11D3-BF4B-00C04F79EFBC}") = "PerformanceWidget", "PerformanceWidget\PerformanceWidget.csproj", "{8A154318-38DD-400F-A8BF-42C87C940D24}"
EndProject
Global
	GlobalSection(SolutionConfigurationPlatforms) = preSolution
		Debug|Any CPU = Debug|Any CPU
		Release|Any CPU = Release|Any CPU
	EndGlobalSection
	GlobalSection(ProjectConfigurationPlatforms) = postSolution
		{8A154318-38DD-400F-A8BF-42C87C940D24}.Debug|Any CPU.ActiveCfg = Debug|Any CPU
		{8A154318-38DD-400F-A8BF-42C87C940D24}.Debug|Any CPU.Build.0 = Debug|Any CPU
		{8A154318-38DD-400F-A8BF-42C87C940D24}.Release|Any CPU.ActiveCfg = Release|Any CPU
		{8A154318-38DD-400F-A8BF-42C87C940D24}.Release|Any CPU.Build.0 = Release|Any CPU
	EndGlobalSection
	GlobalSection(SolutionProperties) = preSolution
		HideSolutionNode = FALSE
	EndGlobalSection
	GlobalSection(ExtensibilityGlobals) = postSolution
		SolutionGuid = {B6BEB805-4DD0-4102-AF64-B82324D75658}
	EndGlobalSection
EndGlobal
